
Microsoft Visual Studio Solution File, Format Version 12.00
# Visual Studio Version 17
VisualStudioVersion = 17.2.32602.215
MinimumVisualStudioVersion = 10.0.40219.1
Project("{FAE04EC0-301F-11D3-BF4B-00C04F79EFBC}") = "Array_list", "Array_list\Array_list.csproj", "{5487AB55-3996-4CF2-B4B9-9C2B8AAAE2DC}"
EndProject
Global
	GlobalSection(SolutionConfigurationPlatforms) = preSolution
		Debug|Any CPU = Debug|Any CPU
		Release|Any CPU = Release|Any CPU
	EndGlobalSection
	GlobalSection(ProjectConfigurationPlatforms) = postSolution
		{5487AB55-3996-4CF2-B4B9-9C2B8AAAE2DC}.Debug|Any CPU.ActiveCfg = Debug|Any CPU
		{5487AB55-3996-4CF2-B4B9-9C2B8AAAE2DC}.Debug|Any CPU.Build.0 = Debug|Any CPU
		{5487AB55-3996-4CF2-B4B9-9C2B8AAAE2DC}.Release|Any CPU.ActiveCfg = Release|Any CPU
		{5487AB55-3996-4CF2-B4B9-9C2B8AAAE2DC}.Release|Any CPU.Build.0 = Release|Any CPU
	EndGlobalSection
	GlobalSection(SolutionProperties) = preSolution
		HideSolutionNode = FALSE
	EndGlobalSection
	GlobalSection(ExtensibilityGlobals) = postSolution
		SolutionGuid = {5A8EF5EB-342B-491C-A7CE-01F77B32FB9F}
	EndGlobalSection
EndGlobal
